
Microsoft Visual Studio Solution File, Format Version 12.00
# Visual Studio Version 17
VisualStudioVersion = 17.13.35818.85 d17.13
MinimumVisualStudioVersion = 10.0.40219.1
Project("{FAE04EC0-301F-11D3-BF4B-00C04F79EFBC}") = "LibrarianAdminPortal", "LibrarianAdminPortal\LibrarianAdminPortal.csproj", "{A464381D-6D91-4A87-A1E8-BD63E439C695}"
EndProject
Global
	GlobalSection(SolutionConfigurationPlatforms) = preSolution
		Debug|Any CPU = Debug|Any CPU
		Release|Any CPU = Release|Any CPU
	EndGlobalSection
	GlobalSection(ProjectConfigurationPlatforms) = postSolution
		{A464381D-6D91-4A87-A1E8-BD63E439C695}.Debug|Any CPU.ActiveCfg = Debug|Any CPU
		{A464381D-6D91-4A87-A1E8-BD63E439C695}.Debug|Any CPU.Build.0 = Debug|Any CPU
		{A464381D-6D91-4A87-A1E8-BD63E439C695}.Release|Any CPU.ActiveCfg = Release|Any CPU
		{A464381D-6D91-4A87-A1E8-BD63E439C695}.Release|Any CPU.Build.0 = Release|Any CPU
	EndGlobalSection
	GlobalSection(SolutionProperties) = preSolution
		HideSolutionNode = FALSE
	EndGlobalSection
	GlobalSection(ExtensibilityGlobals) = postSolution
		SolutionGuid = {E4C5A385-E5D6-45BA-A843-6321BC9D89A2}
	EndGlobalSection
EndGlobal
